<?xml version="1.0" encoding="utf-8"?>
<Project ToolsVersion="4.0" xmlns="http://schemas.microsoft.com/developer/msbuild/2003">
  <ItemGroup>
    <Filter Include="common">
      <UniqueIdentifier>{4821ad1f-9627-47be-bb8f-812b405cf89f}</UniqueIdentifier>
    </Filter>
    <Filter Include="title">
      <UniqueIdentifier>{06c12657-07b8-4ba0-ac92-ca9c7c3ba242}</UniqueIdentifier>
    </Filter>
    <Filter Include="game">
      <UniqueIdentifier>{d232d028-e9c3-4a99-aee2-8a2010099a42}</UniqueIdentifier>
    </Filter>
    <Filter Include="effect">
      <UniqueIdentifier>{b4b6c159-2ba5-45a4-bdb0-a4ece0f6c8a0}</UniqueIdentifier>
    </Filter>
    <Filter Include="object">
      <UniqueIdentifier>{6be780de-8a4d-474d-8e35-d6a0bff7c37f}</UniqueIdentifier>
    </Filter>
    <Filter Include="object\gui">
      <UniqueIdentifier>{7727f078-40ad-4dc5-813d-5077ebcb4ae0}</UniqueIdentifier>
    </Filter>
    <Filter Include="object\gui\gauge">
      <UniqueIdentifier>{01e18344-5fec-46a1-bfae-3ee2bf2d7cd0}</UniqueIdentifier>
    </Filter>
    <Filter Include="object\gui\roundIcon">
      <UniqueIdentifier>{b1d57e2b-547d-48dd-bd31-d95bac96e7df}</UniqueIdentifier>
    </Filter>
    <Filter Include="object\player">
      <UniqueIdentifier>{accd9dfe-c150-473b-a2ff-16c465ac8cc9}</UniqueIdentifier>
    </Filter>
    <Filter Include="object\stage">
      <UniqueIdentifier>{3cdc9425-d5a9-49c0-ae03-eb6037a342cc}</UniqueIdentifier>
    </Filter>
    <Filter Include="system">
      <UniqueIdentifier>{12137d76-a86f-450f-a28f-82e3261300c9}</UniqueIdentifier>
    </Filter>
    <Filter Include="system\event">
      <UniqueIdentifier>{1e28347a-f646-42f1-a02f-4624078784ac}</UniqueIdentifier>
    </Filter>
    <Filter Include="system\data">
      <UniqueIdentifier>{a66417c1-43e5-4869-bff2-1b317070bd5d}</UniqueIdentifier>
    </Filter>
    <Filter Include="system\collision">
      <UniqueIdentifier>{18adf48a-d254-47e3-bfc6-c5ad641461e1}</UniqueIdentifier>
    </Filter>
    <Filter Include="bace">
      <UniqueIdentifier>{5737a367-265e-4ef9-98cc-13bfef19110e}</UniqueIdentifier>
    </Filter>
    <Filter Include="select">
      <UniqueIdentifier>{23d2c94a-c5f6-493f-a158-5668fc1a2af1}</UniqueIdentifier>
    </Filter>
    <Filter Include="object\item">
      <UniqueIdentifier>{e5089bce-547a-4b21-8c0c-c692992e2c4b}</UniqueIdentifier>
    </Filter>
    <Filter Include="object\item\bomb">
      <UniqueIdentifier>{12398a5e-d1db-4311-89ad-83cefe5af363}</UniqueIdentifier>
    </Filter>
    <Filter Include="object\common">
      <UniqueIdentifier>{debc7b49-2119-4d82-ad21-ea532906f6a5}</UniqueIdentifier>
    </Filter>
    <Filter Include="object\item\manhole">
      <UniqueIdentifier>{c000dc8e-2187-4a03-98a7-1f12ca1150d7}</UniqueIdentifier>
    </Filter>
    <Filter Include="object\item\accel">
      <UniqueIdentifier>{0c74b1b7-8582-4e9d-bbe5-f6f0f9ed4603}</UniqueIdentifier>
    </Filter>
    <Filter Include="system\LedConnect">
      <UniqueIdentifier>{eeafa5a3-b96a-45b9-99e9-5d6e35e646df}</UniqueIdentifier>
    </Filter>
    <Filter Include="result">
      <UniqueIdentifier>{2c98340d-0a9d-4a27-ab62-b8a9b37a20d2}</UniqueIdentifier>
    </Filter>
    <Filter Include="object\shadow">
      <UniqueIdentifier>{e873bafe-e19d-48a1-934b-8127e71a3312}</UniqueIdentifier>
    </Filter>
    <Filter Include="object\staticStage">
      <UniqueIdentifier>{be349677-35a9-46dc-a2c7-a393d55478f9}</UniqueIdentifier>
    </Filter>
  </ItemGroup>
  <ItemGroup>
    <ClInclude Include="title.h">
      <Filter>title</Filter>
    </ClInclude>
    <ClInclude Include="stdafx.h">
      <Filter>common</Filter>
    </ClInclude>
    <ClInclude Include="CreateFunc.h">
      <Filter>common</Filter>
    </ClInclude>
    <ClInclude Include="game.h">
      <Filter>game</Filter>
    </ClInclude>
    <ClInclude Include="staticStage.h">
      <Filter>object\staticStage</Filter>
    </ClInclude>
    <ClInclude Include="player.h">
      <Filter>object\player</Filter>
    </ClInclude>
    <ClInclude Include="colStage.h">
      <Filter>system\collision</Filter>
    </ClInclude>
    <ClInclude Include="stage.h">
      <Filter>object\stage</Filter>
    </ClInclude>
    <ClInclude Include="eventManager.h">
      <Filter>system\event</Filter>
    </ClInclude>
    <ClInclude Include="EventList.h">
      <Filter>system\event</Filter>
    </ClInclude>
    <ClInclude Include="EventData.h">
      <Filter>system\event</Filter>
    </ClInclude>
    <ClInclude Include="gauge.h">
      <Filter>object\gui\gauge</Filter>
    </ClInclude>
    <ClInclude Include="guiManager.h">
      <Filter>object\gui</Filter>
    </ClInclude>
    <ClInclude Include="dataManager.h">
      <Filter>system\data</Filter>
    </ClInclude>
    <ClInclude Include="edgeEffect.h">
      <Filter>effect</Filter>
    </ClInclude>
    <ClInclude Include="ssaoEffect.h">
      <Filter>effect</Filter>
    </ClInclude>
    <ClInclude Include="dirlightEffect.h">
      <Filter>effect</Filter>
    </ClInclude>
    <ClInclude Include="parpix.h">
      <Filter>effect</Filter>
    </ClInclude>
    <ClInclude Include="test.h">
      <Filter>effect</Filter>
    </ClInclude>
    <ClInclude Include="roundIcon.h">
      <Filter>object\gui\roundIcon</Filter>
    </ClInclude>
    <ClInclude Include="BaceScene.h">
      <Filter>bace</Filter>
    </ClInclude>
    <ClInclude Include="fxaa.h">
      <Filter>effect</Filter>
    </ClInclude>
    <ClInclude Include="colPlayer.h">
      <Filter>system\collision</Filter>
    </ClInclude>
    <ClInclude Include="iItem.h">
      <Filter>object\item</Filter>
    </ClInclude>
    <ClInclude Include="itemManager.h">
      <Filter>object\item</Filter>
    </ClInclude>
    <ClInclude Include="itemBomb.h">
      <Filter>object\item\bomb</Filter>
    </ClInclude>
    <ClInclude Include="playerStatus.h">
      <Filter>object\player</Filter>
    </ClInclude>
    <ClInclude Include="colItem.h">
      <Filter>system\collision</Filter>
    </ClInclude>
    <ClInclude Include="ShuchuSen.h">
      <Filter>object\common</Filter>
    </ClInclude>
    <ClInclude Include="itemManhole.h">
      <Filter>object\item\manhole</Filter>
    </ClInclude>
    <ClInclude Include="itemAccel.h">
      <Filter>object\item\accel</Filter>
    </ClInclude>
    <ClInclude Include="ledConnect.h">
      <Filter>system\LedConnect</Filter>
    </ClInclude>
    <ClInclude Include="result.h">
      <Filter>result</Filter>
    </ClInclude>
    <ClInclude Include="shadow.h">
      <Filter>object\shadow</Filter>
    </ClInclude>
    <ClInclude Include="gameConfig.h">
      <Filter>game</Filter>
    </ClInclude>
    <ClInclude Include="SelectScene.h">
      <Filter>select</Filter>
    </ClInclude>
  </ItemGroup>
  <ItemGroup>
    <ClCompile Include="stdafx.cpp">
      <Filter>common</Filter>
    </ClCompile>
    <ClCompile Include="main.cpp" />
    <ClCompile Include="title.cpp">
      <Filter>title</Filter>
    </ClCompile>
    <ClCompile Include="game.cpp">
      <Filter>game</Filter>
    </ClCompile>
    <ClCompile Include="staticStage.cpp">
      <Filter>object\staticStage</Filter>
    </ClCompile>
    <ClCompile Include="player.cpp">
      <Filter>object\player</Filter>
    </ClCompile>
    <ClCompile Include="colStage.cpp">
      <Filter>system\collision</Filter>
    </ClCompile>
    <ClCompile Include="stage.cpp">
      <Filter>object\stage</Filter>
    </ClCompile>
    <ClCompile Include="eventManager.cpp">
      <Filter>system\event</Filter>
    </ClCompile>
    <ClCompile Include="gauge.cpp">
      <Filter>object\gui\gauge</Filter>
    </ClCompile>
    <ClCompile Include="guiManager.cpp">
      <Filter>object\gui</Filter>
    </ClCompile>
    <ClCompile Include="dataManager.cpp">
      <Filter>system\data</Filter>
    </ClCompile>
    <ClCompile Include="edgeEffect.cpp">
      <Filter>effect</Filter>
    </ClCompile>
    <ClCompile Include="ssaoEffect.cpp">
      <Filter>effect</Filter>
    </ClCompile>
    <ClCompile Include="dirlightEffect.cpp">
      <Filter>effect</Filter>
    </ClCompile>
    <ClCompile Include="parpix.cpp">
      <Filter>effect</Filter>
    </ClCompile>
    <ClCompile Include="test.cpp">
      <Filter>effect</Filter>
    </ClCompile>
    <ClCompile Include="roundIcon.cpp">
      <Filter>object\gui\roundIcon</Filter>
    </ClCompile>
    <ClCompile Include="BaceScene.cpp">
      <Filter>bace</Filter>
    </ClCompile>
    <ClCompile Include="fxaa.cpp">
      <Filter>effect</Filter>
    </ClCompile>
    <ClCompile Include="colPlayer.cpp">
      <Filter>system\collision</Filter>
    </ClCompile>
    <ClCompile Include="itemManager.cpp">
      <Filter>object\item</Filter>
    </ClCompile>
    <ClCompile Include="itemBomb.cpp">
      <Filter>object\item\bomb</Filter>
    </ClCompile>
    <ClCompile Include="colItem.cpp">
      <Filter>system\collision</Filter>
    </ClCompile>
    <ClCompile Include="ShuchuSen.cpp">
      <Filter>object\common</Filter>
    </ClCompile>
    <ClCompile Include="itemManhole.cpp">
      <Filter>object\item\manhole</Filter>
    </ClCompile>
    <ClCompile Include="itemAccel.cpp">
      <Filter>object\item\accel</Filter>
    </ClCompile>
    <ClCompile Include="ledConnect.cpp">
      <Filter>system\LedConnect</Filter>
    </ClCompile>
    <ClCompile Include="result.cpp">
      <Filter>result</Filter>
    </ClCompile>
    <ClCompile Include="shadow.cpp">
      <Filter>object\shadow</Filter>
    </ClCompile>
    <ClCompile Include="SelectScene.cpp">
      <Filter>select</Filter>
    </ClCompile>
  </ItemGroup>
</Project>