<?xml version="1.0" encoding="utf-8"?>
<Project ToolsVersion="4.0" xmlns="http://schemas.microsoft.com/developer/msbuild/2003">
  <ItemGroup>
    <Filter Include="common">
      <UniqueIdentifier>{4821ad1f-9627-47be-bb8f-812b405cf89f}</UniqueIdentifier>
    </Filter>
    <Filter Include="title">
      <UniqueIdentifier>{06c12657-07b8-4ba0-ac92-ca9c7c3ba242}</UniqueIdentifier>
    </Filter>
    <Filter Include="game">
      <UniqueIdentifier>{d232d028-e9c3-4a99-aee2-8a2010099a42}</UniqueIdentifier>
    </Filter>
  </ItemGroup>
  <ItemGroup>
    <ClInclude Include="title.h">
      <Filter>title</Filter>
    </ClInclude>
    <ClInclude Include="stdafx.h">
      <Filter>common</Filter>
    </ClInclude>
    <ClInclude Include="CreateFunc.h">
      <Filter>common</Filter>
    </ClInclude>
    <ClInclude Include="game.h">
      <Filter>game</Filter>
    </ClInclude>
  </ItemGroup>
  <ItemGroup>
    <ClCompile Include="stdafx.cpp">
      <Filter>common</Filter>
    </ClCompile>
    <ClCompile Include="main.cpp" />
    <ClCompile Include="title.cpp">
      <Filter>title</Filter>
    </ClCompile>
    <ClCompile Include="game.cpp">
      <Filter>game</Filter>
    </ClCompile>
  </ItemGroup>
</Project>