<?xml version="1.0" encoding="utf-8"?>
<Project ToolsVersion="4.0" xmlns="http://schemas.microsoft.com/developer/msbuild/2003">
  <ItemGroup>
    <Filter Include="common">
      <UniqueIdentifier>{9caeba80-75e2-4660-a310-9fdcce079848}</UniqueIdentifier>
    </Filter>
    <Filter Include="node">
      <UniqueIdentifier>{cc67170c-8c1d-495d-b31a-1d42101c14cd}</UniqueIdentifier>
    </Filter>
    <Filter Include="common\stdafx">
      <UniqueIdentifier>{5d8f145b-b2c9-41e8-993c-45151bcb6d7b}</UniqueIdentifier>
    </Filter>
    <Filter Include="app">
      <UniqueIdentifier>{07728cde-d483-4cbd-8c08-6a6715006846}</UniqueIdentifier>
    </Filter>
    <Filter Include="renderer">
      <UniqueIdentifier>{aa24dd8c-172e-435b-b6d1-bff68dc0e388}</UniqueIdentifier>
    </Filter>
    <Filter Include="object">
      <UniqueIdentifier>{02054cee-fa1c-4d04-955b-af662e7f8b9b}</UniqueIdentifier>
    </Filter>
    <Filter Include="input">
      <UniqueIdentifier>{b4045ff4-031b-46b1-885c-52a5829a0ce8}</UniqueIdentifier>
    </Filter>
    <Filter Include="renderer\camera">
      <UniqueIdentifier>{d23a35e2-5580-4f87-9dc8-6446bfab3939}</UniqueIdentifier>
    </Filter>
    <Filter Include="renderer\texture">
      <UniqueIdentifier>{cfc54f44-582d-48b3-b160-bcae75866ebb}</UniqueIdentifier>
    </Filter>
    <Filter Include="renderer\shader">
      <UniqueIdentifier>{68fbb458-c545-40f5-a4c0-85117cb25f21}</UniqueIdentifier>
    </Filter>
    <Filter Include="input\keyboard">
      <UniqueIdentifier>{1dab5002-2596-4fe9-ac4d-2ba3cecbae88}</UniqueIdentifier>
    </Filter>
    <Filter Include="input\xinput">
      <UniqueIdentifier>{784aaf71-6286-4e5c-805f-efe830707a17}</UniqueIdentifier>
    </Filter>
    <Filter Include="input\dinput">
      <UniqueIdentifier>{70eaed8e-8bac-459d-b395-8c346e9b8c8e}</UniqueIdentifier>
    </Filter>
    <Filter Include="object\drawObject">
      <UniqueIdentifier>{d4f9e1f2-4dc5-4b14-9b50-edc6804e2454}</UniqueIdentifier>
    </Filter>
    <Filter Include="object\gameObject">
      <UniqueIdentifier>{cac65ade-860c-4c33-b62f-21a9446cae41}</UniqueIdentifier>
    </Filter>
    <Filter Include="object\drawObject\Sprite2D">
      <UniqueIdentifier>{102d5ec4-e59b-4a6f-ac9b-97d264d47e98}</UniqueIdentifier>
    </Filter>
    <Filter Include="object\drawObject\Sprite3D">
      <UniqueIdentifier>{63c9b345-8d2e-44f7-8130-9deb69def469}</UniqueIdentifier>
    </Filter>
    <Filter Include="object\drawObject\MeshField">
      <UniqueIdentifier>{761aa14c-80a2-4472-a914-9ada40a0d4b7}</UniqueIdentifier>
    </Filter>
    <Filter Include="object\drawObject\Effect">
      <UniqueIdentifier>{f1bd2725-e684-4f1a-8e5f-c7ac9270ee82}</UniqueIdentifier>
    </Filter>
    <Filter Include="object\drawObject\xfile">
      <UniqueIdentifier>{6ecc3594-f283-4b23-a43b-f91b32de47e1}</UniqueIdentifier>
    </Filter>
    <Filter Include="input\websocket">
      <UniqueIdentifier>{3adcf578-ab46-4bee-83d9-fb13ae9c4558}</UniqueIdentifier>
    </Filter>
    <Filter Include="renderer\sound">
      <UniqueIdentifier>{8b599e31-bbe5-4ce3-8e52-3bee9834b848}</UniqueIdentifier>
    </Filter>
    <Filter Include="window">
      <UniqueIdentifier>{776af547-7526-47d3-950b-5980f611fae4}</UniqueIdentifier>
    </Filter>
    <Filter Include="object\drawObject\MeshSylinder">
      <UniqueIdentifier>{fe3ba076-93c8-4fc0-a8d3-736ad723d102}</UniqueIdentifier>
    </Filter>
    <Filter Include="object\drawObject\MeshDome">
      <UniqueIdentifier>{d75fc395-545f-4fca-8c2b-3a4cf918ee71}</UniqueIdentifier>
    </Filter>
    <Filter Include="object\drawObject\NumberSprite">
      <UniqueIdentifier>{8f442084-3938-4a72-a317-964c06cdff24}</UniqueIdentifier>
    </Filter>
  </ItemGroup>
  <ItemGroup>
    <ClCompile Include="window.cpp">
      <Filter>window</Filter>
    </ClCompile>
    <ClCompile Include="stdafx.cpp">
      <Filter>common\stdafx</Filter>
    </ClCompile>
    <ClCompile Include="app.cpp">
      <Filter>app</Filter>
    </ClCompile>
    <ClCompile Include="renderer.cpp">
      <Filter>renderer</Filter>
    </ClCompile>
    <ClCompile Include="texture.cpp">
      <Filter>renderer\texture</Filter>
    </ClCompile>
    <ClCompile Include="camera.cpp">
      <Filter>renderer\camera</Filter>
    </ClCompile>
    <ClCompile Include="shader.cpp">
      <Filter>renderer\shader</Filter>
    </ClCompile>
    <ClCompile Include="input.cpp">
      <Filter>input</Filter>
    </ClCompile>
    <ClCompile Include="keyboard.cpp">
      <Filter>input\keyboard</Filter>
    </ClCompile>
    <ClCompile Include="xFileObject.cpp">
      <Filter>object\drawObject\xfile</Filter>
    </ClCompile>
    <ClCompile Include="Sprite2D.cpp">
      <Filter>object\drawObject\Sprite2D</Filter>
    </ClCompile>
    <ClCompile Include="xinput.cpp">
      <Filter>input\xinput</Filter>
    </ClCompile>
    <ClCompile Include="Sprite3D.cpp">
      <Filter>object\drawObject\Sprite3D</Filter>
    </ClCompile>
    <ClCompile Include="sound.cpp">
      <Filter>renderer\sound</Filter>
    </ClCompile>
    <ClCompile Include="effect.cpp">
      <Filter>object\drawObject\Effect</Filter>
    </ClCompile>
    <ClCompile Include="MeshField.cpp">
      <Filter>object\drawObject\MeshField</Filter>
    </ClCompile>
    <ClCompile Include="wsInput.cpp">
      <Filter>input\websocket</Filter>
    </ClCompile>
    <ClCompile Include="DrawObject.cpp">
      <Filter>object\drawObject</Filter>
    </ClCompile>
    <ClCompile Include="directInput.cpp">
      <Filter>input\dinput</Filter>
    </ClCompile>
    <ClCompile Include="meshCylinder.cpp">
      <Filter>object\drawObject\MeshSylinder</Filter>
    </ClCompile>
    <ClCompile Include="meshDome.cpp">
      <Filter>object\drawObject\MeshDome</Filter>
    </ClCompile>
    <ClCompile Include="numberSprite.cpp">
      <Filter>object\drawObject\NumberSprite</Filter>
    </ClCompile>
    <ClCompile Include="node.cpp">
      <Filter>node</Filter>
    </ClCompile>
  </ItemGroup>
  <ItemGroup>
    <ClInclude Include="system.h" />
    <ClInclude Include="window.h">
      <Filter>window</Filter>
    </ClInclude>
    <ClInclude Include="node.h">
      <Filter>node</Filter>
    </ClInclude>
    <ClInclude Include="stdafx.h">
      <Filter>common\stdafx</Filter>
    </ClInclude>
    <ClInclude Include="math.h">
      <Filter>common</Filter>
    </ClInclude>
    <ClInclude Include="app.h">
      <Filter>app</Filter>
    </ClInclude>
    <ClInclude Include="renderer.h">
      <Filter>renderer</Filter>
    </ClInclude>
    <ClInclude Include="common.h">
      <Filter>common</Filter>
    </ClInclude>
    <ClInclude Include="texture.h">
      <Filter>renderer\texture</Filter>
    </ClInclude>
    <ClInclude Include="camera.h">
      <Filter>renderer\camera</Filter>
    </ClInclude>
    <ClInclude Include="cameraBace.h">
      <Filter>renderer\camera</Filter>
    </ClInclude>
    <ClInclude Include="shader.h">
      <Filter>renderer\shader</Filter>
    </ClInclude>
    <ClInclude Include="iShader.h">
      <Filter>renderer\shader</Filter>
    </ClInclude>
    <ClInclude Include="input.h">
      <Filter>input</Filter>
    </ClInclude>
    <ClInclude Include="vInput.h">
      <Filter>input</Filter>
    </ClInclude>
    <ClInclude Include="iInput.h">
      <Filter>input</Filter>
    </ClInclude>
    <ClInclude Include="keyboard.h">
      <Filter>input\keyboard</Filter>
    </ClInclude>
    <ClInclude Include="iLayer.h">
      <Filter>object\gameObject</Filter>
    </ClInclude>
    <ClInclude Include="iScene.h">
      <Filter>object\gameObject</Filter>
    </ClInclude>
    <ClInclude Include="xFileObject.h">
      <Filter>object\drawObject\xfile</Filter>
    </ClInclude>
    <ClInclude Include="Sprite2D.h">
      <Filter>object\drawObject\Sprite2D</Filter>
    </ClInclude>
    <ClInclude Include="xinput.h">
      <Filter>input\xinput</Filter>
    </ClInclude>
    <ClInclude Include="Sprite3D.h">
      <Filter>object\drawObject\Sprite3D</Filter>
    </ClInclude>
    <ClInclude Include="sound.h">
      <Filter>renderer\sound</Filter>
    </ClInclude>
    <ClInclude Include="nodeType.h">
      <Filter>node</Filter>
    </ClInclude>
    <ClInclude Include="effect.h">
      <Filter>object\drawObject\Effect</Filter>
    </ClInclude>
    <ClInclude Include="MeshField.h">
      <Filter>object\drawObject\MeshField</Filter>
    </ClInclude>
    <ClInclude Include="wsInput.h">
      <Filter>input\websocket</Filter>
    </ClInclude>
    <ClInclude Include="CreateFunc.h">
      <Filter>common</Filter>
    </ClInclude>
    <ClInclude Include="DrawObject.h">
      <Filter>object\drawObject</Filter>
    </ClInclude>
    <ClInclude Include="directInput.h">
      <Filter>input\dinput</Filter>
    </ClInclude>
    <ClInclude Include="meshCylinder.h">
      <Filter>object\drawObject\MeshSylinder</Filter>
    </ClInclude>
    <ClInclude Include="meshDome.h">
      <Filter>object\drawObject\MeshDome</Filter>
    </ClInclude>
    <ClInclude Include="numberSprite.h">
      <Filter>object\drawObject\NumberSprite</Filter>
    </ClInclude>
  </ItemGroup>
</Project>