<?xml version="1.0" encoding="utf-8"?>
<Project ToolsVersion="4.0" xmlns="http://schemas.microsoft.com/developer/msbuild/2003">
  <ItemGroup>
    <Filter Include="ps">
      <UniqueIdentifier>{493aa31b-576c-4510-85b2-756919cf0790}</UniqueIdentifier>
    </Filter>
    <Filter Include="vs">
      <UniqueIdentifier>{19e79d94-e0c0-42c6-b8da-df1df24667fb}</UniqueIdentifier>
    </Filter>
  </ItemGroup>
</Project>